{
    "requires": true,
    "lockfileVersion": 1,
    "dependencies": {
        "@vue/reactivity": {
            "version": "3.1.5",
            "resolved": "https://registry.npmjs.org/@vue/reactivity/-/reactivity-3.1.5.tgz",
            "integrity": "sha512-1tdfLmNjWG6t/CsPldh+foumYFo3cpyCHgBYQ34ylaMsJ+SNHQ1kApMIa8jN+i593zQuaw3AdWH0nJTARzCFhg==",
            "dev": true,
            "requires": {
                "@vue/shared": "3.1.5"
            }
        },
        "@vue/shared": {
            "version": "3.1.5",
            "resolved": "https://registry.npmjs.org/@vue/shared/-/shared-3.1.5.tgz",
            "integrity": "sha512-oJ4F3TnvpXaQwZJNF3ZK+kLPHKarDmJjJ6jyzVNDKH9md1dptjC7lWR//jrGuLdek/U6iltWxqAnYOu8gCiOvA==",
            "dev": true
        },
        "alpinejs": {
            "version": "3.4.2",
            "resolved": "https://registry.npmjs.org/alpinejs/-/alpinejs-3.4.2.tgz",
            "integrity": "sha512-PCTLdySJG5ercbN/g4sO+Nyo0TjzV3IP5W9L3UiSj3756VZPUctNiikLAoKX5al2NlLE2O7jPpgtakuRpLLeIQ==",
            "dev": true,
            "requires": {
                "@vue/reactivity": "~3.1.1"
            }
        },
        "dotenv-expand": {
            "version": "5.1.0",
            "resolved": "https://registry.npmjs.org/dotenv-expand/-/dotenv-expand-5.1.0.tgz",
            "integrity": "sha512-YXQl1DSa4/PQyRfgrv6aoNjhasp/p4qs9FjJ4q4cQk+8m4r6k4ZSiEyytKG8f8W9gi8WsQtIObNmKd+tMzNTmA==",
            "dev": true
        },
        "esbuild": {
            "version": "0.13.8",
            "resolved": "https://registry.npmjs.org/esbuild/-/esbuild-0.13.8.tgz",
            "integrity": "sha512-A4af7G7YZLfG5OnARJRMtlpEsCkq/zHZQXewgPA864l9D6VjjbH1SuFYK/OSV6BtHwDGkdwyRrX0qQFLnMfUcw==",
            "dev": true,
            "requires": {
                "esbuild-android-arm64": "0.13.8",
                "esbuild-darwin-64": "0.13.8",
                "esbuild-darwin-arm64": "0.13.8",
                "esbuild-freebsd-64": "0.13.8",
                "esbuild-freebsd-arm64": "0.13.8",
                "esbuild-linux-32": "0.13.8",
                "esbuild-linux-64": "0.13.8",
                "esbuild-linux-arm": "0.13.8",
                "esbuild-linux-arm64": "0.13.8",
                "esbuild-linux-mips64le": "0.13.8",
                "esbuild-linux-ppc64le": "0.13.8",
                "esbuild-netbsd-64": "0.13.8",
                "esbuild-openbsd-64": "0.13.8",
                "esbuild-sunos-64": "0.13.8",
                "esbuild-windows-32": "0.13.8",
                "esbuild-windows-64": "0.13.8",
                "esbuild-windows-arm64": "0.13.8"
            }
        },
        "esbuild-android-arm64": {
            "version": "0.13.8",
            "resolved": "https://registry.npmjs.org/esbuild-android-arm64/-/esbuild-android-arm64-0.13.8.tgz",
            "integrity": "sha512-AilbChndywpk7CdKkNSZ9klxl+9MboLctXd9LwLo3b0dawmOF/i/t2U5d8LM6SbT1Xw36F8yngSUPrd8yPs2RA==",
            "dev": true,
            "optional": true
        },
        "esbuild-darwin-64": {
            "version": "0.13.8",
            "resolved": "https://registry.npmjs.org/esbuild-darwin-64/-/esbuild-darwin-64-0.13.8.tgz",
            "integrity": "sha512-b6sdiT84zV5LVaoF+UoMVGJzR/iE2vNUfUDfFQGrm4LBwM/PWXweKpuu6RD9mcyCq18cLxkP6w/LD/w9DtX3ng==",
            "dev": true,
            "optional": true
        },
        "esbuild-darwin-arm64": {
            "version": "0.13.8",
            "resolved": "https://registry.npmjs.org/esbuild-darwin-arm64/-/esbuild-darwin-arm64-0.13.8.tgz",
            "integrity": "sha512-R8YuPiiJayuJJRUBG4H0VwkEKo6AvhJs2m7Tl0JaIer3u1FHHXwGhMxjJDmK+kXwTFPriSysPvcobXC/UrrZCQ==",
            "dev": true,
            "optional": true
        },
        "esbuild-freebsd-64": {
            "version": "0.13.8",
            "resolved": "https://registry.npmjs.org/esbuild-freebsd-64/-/esbuild-freebsd-64-0.13.8.tgz",
            "integrity": "sha512-zBn6urrn8FnKC+YSgDxdof9jhPCeU8kR/qaamlV4gI8R3KUaUK162WYM7UyFVAlj9N0MyD3AtB+hltzu4cysTw==",
            "dev": true,
            "optional": true
        },
        "esbuild-freebsd-arm64": {
            "version": "0.13.8",
            "resolved": "https://registry.npmjs.org/esbuild-freebsd-arm64/-/esbuild-freebsd-arm64-0.13.8.tgz",
            "integrity": "sha512-pWW2slN7lGlkx0MOEBoUGwRX5UgSCLq3dy2c8RIOpiHtA87xAUpDBvZK10MykbT+aMfXc0NI2lu1X+6kI34xng==",
            "dev": true,
            "optional": true
        },
        "esbuild-linux-32": {
            "version": "0.13.8",
            "resolved": "https://registry.npmjs.org/esbuild-linux-32/-/esbuild-linux-32-0.13.8.tgz",
            "integrity": "sha512-T0I0ueeKVO/Is0CAeSEOG9s2jeNNb8jrrMwG9QBIm3UU18MRB60ERgkS2uV3fZ1vP2F8i3Z2e3Zju4lg9dhVmw==",
            "dev": true,
            "optional": true
        },
        "esbuild-linux-64": {
            "version": "0.13.8",
            "resolved": "https://registry.npmjs.org/esbuild-linux-64/-/esbuild-linux-64-0.13.8.tgz",
            "integrity": "sha512-Bm8SYmFtvfDCIu9sjKppFXzRXn2BVpuCinU1ChTuMtdKI/7aPpXIrkqBNOgPTOQO9AylJJc1Zw6EvtKORhn64w==",
            "dev": true,
            "optional": true
        },
        "esbuild-linux-arm": {
            "version": "0.13.8",
            "resolved": "https://registry.npmjs.org/esbuild-linux-arm/-/esbuild-linux-arm-0.13.8.tgz",
            "integrity": "sha512-4/HfcC40LJ4GPyboHA+db0jpFarTB628D1ifU+/5bunIgY+t6mHkJWyxWxAAE8wl/ZIuRYB9RJFdYpu1AXGPdg==",
            "dev": true,
            "optional": true
        },
        "esbuild-linux-arm64": {
            "version": "0.13.8",
            "resolved": "https://registry.npmjs.org/esbuild-linux-arm64/-/esbuild-linux-arm64-0.13.8.tgz",
            "integrity": "sha512-X4pWZ+SL+FJ09chWFgRNO3F+YtvAQRcWh0uxKqZSWKiWodAB20flsW/OWFYLXBKiVCTeoGMvENZS/GeVac7+tQ==",
            "dev": true,
            "optional": true
        },
        "esbuild-linux-mips64le": {
            "version": "0.13.8",
            "resolved": "https://registry.npmjs.org/esbuild-linux-mips64le/-/esbuild-linux-mips64le-0.13.8.tgz",
            "integrity": "sha512-o7e0D+sqHKT31v+mwFircJFjwSKVd2nbkHEn4l9xQ1hLR+Bv8rnt3HqlblY3+sBdlrOTGSwz0ReROlKUMJyldA==",
            "dev": true,
            "optional": true
        },
        "esbuild-linux-ppc64le": {
            "version": "0.13.8",
            "resolved": "https://registry.npmjs.org/esbuild-linux-ppc64le/-/esbuild-linux-ppc64le-0.13.8.tgz",
            "integrity": "sha512-eZSQ0ERsWkukJp2px/UWJHVNuy0lMoz/HZcRWAbB6reoaBw7S9vMzYNUnflfL3XA6WDs+dZn3ekHE4Y2uWLGig==",
            "dev": true,
            "optional": true
        },
        "esbuild-netbsd-64": {
            "version": "0.13.8",
            "resolved": "https://registry.npmjs.org/esbuild-netbsd-64/-/esbuild-netbsd-64-0.13.8.tgz",
            "integrity": "sha512-gZX4kP7gVvOrvX0ZwgHmbuHczQUwqYppxqtoyC7VNd80t5nBHOFXVhWo2Ad/Lms0E8b+wwgI/WjZFTCpUHOg9Q==",
            "dev": true,
            "optional": true
        },
        "esbuild-openbsd-64": {
            "version": "0.13.8",
            "resolved": "https://registry.npmjs.org/esbuild-openbsd-64/-/esbuild-openbsd-64-0.13.8.tgz",
            "integrity": "sha512-afzza308X4WmcebexbTzAgfEWt9MUkdTvwIa8xOu4CM2qGbl2LanqEl8/LUs8jh6Gqw6WsicEK52GPrS9wvkcw==",
            "dev": true,
            "optional": true
        },
        "esbuild-sunos-64": {
            "version": "0.13.8",
            "resolved": "https://registry.npmjs.org/esbuild-sunos-64/-/esbuild-sunos-64-0.13.8.tgz",
            "integrity": "sha512-mWPZibmBbuMKD+LDN23LGcOZ2EawMYBONMXXHmbuxeT0XxCNwadbCVwUQ/2p5Dp5Kvf6mhrlIffcnWOiCBpiVw==",
            "dev": true,
            "optional": true
        },
        "esbuild-windows-32": {
            "version": "0.13.8",
            "resolved": "https://registry.npmjs.org/esbuild-windows-32/-/esbuild-windows-32-0.13.8.tgz",
            "integrity": "sha512-QsZ1HnWIcnIEApETZWw8HlOhDSWqdZX2SylU7IzGxOYyVcX7QI06ety/aDcn437mwyO7Ph4RrbhB+2ntM8kX8A==",
            "dev": true,
            "optional": true
        },
        "esbuild-windows-64": {
            "version": "0.13.8",
            "resolved": "https://registry.npmjs.org/esbuild-windows-64/-/esbuild-windows-64-0.13.8.tgz",
            "integrity": "sha512-76Fb57B9eE/JmJi1QmUW0tRLQZfGo0it+JeYoCDTSlbTn7LV44ecOHIMJSSgZADUtRMWT9z0Kz186bnaB3amSg==",
            "dev": true,
            "optional": true
        },
        "esbuild-windows-arm64": {
            "version": "0.13.8",
            "resolved": "https://registry.npmjs.org/esbuild-windows-arm64/-/esbuild-windows-arm64-0.13.8.tgz",
            "integrity": "sha512-HW6Mtq5eTudllxY2YgT62MrVcn7oq2o8TAoAvDUhyiEmRmDY8tPwAhb1vxw5/cdkbukM3KdMYtksnUhF/ekWeg==",
            "dev": true,
            "optional": true
        },
        "function-bind": {
            "version": "1.1.1",
            "resolved": "https://registry.npmjs.org/function-bind/-/function-bind-1.1.1.tgz",
            "integrity": "sha512-yIovAzMX49sF8Yl58fSCWJ5svSLuaibPxXQJFLmBObTuCr0Mf1KiPopGM9NiFjiYBCbfaa2Fh6breQ6ANVTI0A==",
            "dev": true
        },
        "has": {
            "version": "1.0.3",
            "resolved": "https://registry.npmjs.org/has/-/has-1.0.3.tgz",
            "integrity": "sha512-f2dvO0VU6Oej7RkWJGrehjbzMAjFp5/VKPp5tTpWIV4JHHZK1/BxbFRtf/siA2SWTe09caDmVtYYzWEIbBS4zw==",
            "dev": true,
            "requires": {
                "function-bind": "^1.1.1"
            }
        },
        "is-stream": {
            "version": "2.0.0",
            "resolved": "https://registry.npmjs.org/is-stream/-/is-stream-2.0.0.tgz",
            "integrity": "sha512-XCoy+WlUr7d1+Z8GgSuXmpuUFC9fOhRXglJMx+dwLKTkL44Cjd4W1Z5P+BQZpr+cR93aGP4S/s7Ftw6Nd/kiEw==",
            "dev": true
        },
        "isexe": {
            "version": "2.0.0",
            "resolved": "https://registry.npmjs.org/isexe/-/isexe-2.0.0.tgz",
            "integrity": "sha1-6PvzdNxVb/iUehDcsFctYz8s+hA=",
            "dev": true
        },
        "laravel-vite": {
            "version": "0.0.21",
            "resolved": "https://registry.npmjs.org/laravel-vite/-/laravel-vite-0.0.21.tgz",
            "integrity": "sha512-TE01BpXXQqQzEduXTl9yWSk1nS+OW4ww0ueRjZWVcq2evl0zI8KYttRtSNdPrGODjqXZy08Wa5BHDkL12bbvMg==",
            "dev": true,
            "requires": {
                "chalk": "^4.1.2",
                "debug": "^4.3.2",
                "deepmerge": "^4.2.2",
                "dotenv": "^10.0.0",
                "dotenv-expand": "^5.1.0",
                "execa": "^5.1.1"
            },
            "dependencies": {
                "ansi-styles": {
                    "version": "4.3.0",
                    "resolved": "https://registry.npmjs.org/ansi-styles/-/ansi-styles-4.3.0.tgz",
                    "integrity": "sha512-zbB9rCJAT1rbjiVDb2hqKFHNYLxgtk8NURxZ3IZwD3F6NtxbXZQCnnSi1Lkx+IDohdPlFp222wVALIheZJQSEg==",
                    "dev": true,
                    "requires": {
                        "color-convert": "^2.0.1"
                    }
                },
                "chalk": {
                    "version": "4.1.2",
                    "resolved": "https://registry.npmjs.org/chalk/-/chalk-4.1.2.tgz",
                    "integrity": "sha512-oKnbhFyRIXpUuez8iBMmyEa4nbj4IOQyuhc/wy9kY7/WVPcwIO9VA668Pu8RkO7+0G76SLROeyw9CpQ061i4mA==",
                    "dev": true,
                    "requires": {
                        "ansi-styles": "^4.1.0",
                        "supports-color": "^7.1.0"
                    }
                },
                "color-convert": {
                    "version": "2.0.1",
                    "resolved": "https://registry.npmjs.org/color-convert/-/color-convert-2.0.1.tgz",
                    "integrity": "sha512-RRECPsj7iu/xb5oKYcsFHSppFNnsj/52OVTRKb4zP5onXwVF3zVmmToNcOfGC+CRDpfK/U584fMg38ZHCaElKQ==",
                    "dev": true,
                    "requires": {
                        "color-name": "~1.1.4"
                    }
                },
                "color-name": {
                    "version": "1.1.4",
                    "resolved": "https://registry.npmjs.org/color-name/-/color-name-1.1.4.tgz",
                    "integrity": "sha512-dOy+3AuW3a2wNbZHIuMZpTcgjGuLU/uBL/ubcZF9OXbDo8ff4O8yVp5Bf0efS8uEoYo5q4Fx7dY9OgQGXgAsQA==",
                    "dev": true
                },
                "cross-spawn": {
                    "version": "7.0.3",
                    "resolved": "https://registry.npmjs.org/cross-spawn/-/cross-spawn-7.0.3.tgz",
                    "integrity": "sha512-iRDPJKUPVEND7dHPO8rkbOnPpyDygcDFtWjpeWNCgy8WP2rXcxXL8TskReQl6OrB2G7+UJrags1q15Fudc7G6w==",
                    "dev": true,
                    "requires": {
                        "path-key": "^3.1.0",
                        "shebang-command": "^2.0.0",
                        "which": "^2.0.1"
                    }
                },
                "debug": {
                    "version": "4.3.2",
                    "resolved": "https://registry.npmjs.org/debug/-/debug-4.3.2.tgz",
                    "integrity": "sha512-mOp8wKcvj7XxC78zLgw/ZA+6TSgkoE2C/ienthhRD298T7UNwAg9diBpLRxC0mOezLl4B0xV7M0cCO6P/O0Xhw==",
                    "dev": true,
                    "requires": {
                        "ms": "2.1.2"
                    }
                },
                "deepmerge": {
                    "version": "4.2.2",
                    "resolved": "https://registry.npmjs.org/deepmerge/-/deepmerge-4.2.2.tgz",
                    "integrity": "sha512-FJ3UgI4gIl+PHZm53knsuSFpE+nESMr7M4v9QcgB7S63Kj/6WqMiFQJpBBYz1Pt+66bZpP3Q7Lye0Oo9MPKEdg==",
                    "dev": true
                },
                "dotenv": {
                    "version": "10.0.0",
                    "resolved": "https://registry.npmjs.org/dotenv/-/dotenv-10.0.0.tgz",
                    "integrity": "sha512-rlBi9d8jpv9Sf1klPjNfFAuWDjKLwTIJJ/VxtoTwIR6hnZxcEOQCZg2oIL3MWBYw5GpUDKOEnND7LXTbIpQ03Q==",
                    "dev": true
                },
                "execa": {
                    "version": "5.1.1",
                    "resolved": "https://registry.npmjs.org/execa/-/execa-5.1.1.tgz",
                    "integrity": "sha512-8uSpZZocAZRBAPIEINJj3Lo9HyGitllczc27Eh5YYojjMFMn8yHMDMaUHE2Jqfq05D/wucwI4JGURyXt1vchyg==",
                    "dev": true,
                    "requires": {
                        "cross-spawn": "^7.0.3",
                        "get-stream": "^6.0.0",
                        "human-signals": "^2.1.0",
                        "is-stream": "^2.0.0",
                        "merge-stream": "^2.0.0",
                        "npm-run-path": "^4.0.1",
                        "onetime": "^5.1.2",
                        "signal-exit": "^3.0.3",
                        "strip-final-newline": "^2.0.0"
                    }
                },
                "get-stream": {
                    "version": "6.0.1",
                    "resolved": "https://registry.npmjs.org/get-stream/-/get-stream-6.0.1.tgz",
                    "integrity": "sha512-ts6Wi+2j3jQjqi70w5AlN8DFnkSwC+MqmxEzdEALB2qXZYV3X/b1CTfgPLGJNMeAWxdPfU8FO1ms3NUfaHCPYg==",
                    "dev": true
                },
                "has-flag": {
                    "version": "4.0.0",
                    "resolved": "https://registry.npmjs.org/has-flag/-/has-flag-4.0.0.tgz",
                    "integrity": "sha512-EykJT/Q1KjTWctppgIAgfSO0tKVuZUjhgMr17kqTumMl6Afv3EISleU7qZUzoXDFTAHTDC4NOoG/ZxU3EvlMPQ==",
                    "dev": true
                },
                "human-signals": {
                    "version": "2.1.0",
                    "resolved": "https://registry.npmjs.org/human-signals/-/human-signals-2.1.0.tgz",
                    "integrity": "sha512-B4FFZ6q/T2jhhksgkbEW3HBvWIfDW85snkQgawt07S7J5QXTk6BkNV+0yAeZrM5QpMAdYlocGoljn0sJ/WQkFw==",
                    "dev": true
                },
                "path-key": {
                    "version": "3.1.1",
                    "resolved": "https://registry.npmjs.org/path-key/-/path-key-3.1.1.tgz",
                    "integrity": "sha512-ojmeN0qd+y0jszEtoY48r0Peq5dwMEkIlCOu6Q5f41lfkswXuKtYrhgoTpLnyIcHm24Uhqx+5Tqm2InSwLhE6Q==",
                    "dev": true
                },
                "shebang-command": {
                    "version": "2.0.0",
                    "resolved": "https://registry.npmjs.org/shebang-command/-/shebang-command-2.0.0.tgz",
                    "integrity": "sha512-kHxr2zZpYtdmrN1qDjrrX/Z1rR1kG8Dx+gkpK1G4eXmvXswmcE1hTWBWYUzlraYw1/yZp6YuDY77YtvbN0dmDA==",
                    "dev": true,
                    "requires": {
                        "shebang-regex": "^3.0.0"
                    }
                },
                "shebang-regex": {
                    "version": "3.0.0",
                    "resolved": "https://registry.npmjs.org/shebang-regex/-/shebang-regex-3.0.0.tgz",
                    "integrity": "sha512-7++dFhtcx3353uBaq8DDR4NuxBetBzC7ZQOhmTQInHEd6bSrXdiEyzCvG07Z44UYdLShWUyXt5M/yhz8ekcb1A==",
                    "dev": true
                },
                "supports-color": {
                    "version": "7.2.0",
                    "resolved": "https://registry.npmjs.org/supports-color/-/supports-color-7.2.0.tgz",
                    "integrity": "sha512-qpCAvRl9stuOHveKsn7HncJRvv501qIacKzQlO/+Lwxc9+0q2wLyv4Dfvt80/DPn2pqOBsJdDiogXGR9+OvwRw==",
                    "dev": true,
                    "requires": {
                        "has-flag": "^4.0.0"
                    }
                },
                "which": {
                    "version": "2.0.2",
                    "resolved": "https://registry.npmjs.org/which/-/which-2.0.2.tgz",
                    "integrity": "sha512-BLI3Tl1TW3Pvl70l3yq3Y64i+awpwXqsGBYWkkqMtnbXgrMD+yj7rhW0kuEDxzJaYXGjEW5ogapKNMEKNMjibA==",
                    "dev": true,
                    "requires": {
                        "isexe": "^2.0.0"
                    }
                }
            }
        },
        "merge-stream": {
            "version": "2.0.0",
            "resolved": "https://registry.npmjs.org/merge-stream/-/merge-stream-2.0.0.tgz",
            "integrity": "sha512-abv/qOcuPfk3URPfDzmZU1LKmuw8kT+0nIHvKrKgFrwifol/doWcdA4ZqsWQ8ENrFKkd67Mfpo/LovbIUsbt3w==",
            "dev": true
        },
        "mimic-fn": {
            "version": "2.1.0",
            "resolved": "https://registry.npmjs.org/mimic-fn/-/mimic-fn-2.1.0.tgz",
            "integrity": "sha512-OqbOk5oEQeAZ8WXWydlu9HJjz9WVdEIvamMCcXmuqUYjTknH/sqsWvhQ3vgwKFRR1HpjvNBKQ37nbJgYzGqGcg==",
            "dev": true
        },
        "ms": {
            "version": "2.1.2",
            "resolved": "https://registry.npmjs.org/ms/-/ms-2.1.2.tgz",
            "integrity": "sha512-sGkPx+VjMtmA6MX27oA4FBFELFCZZ4S4XqeGOXCv68tT+jb3vk/RyaKWP0PTKyWtmLSM0b+adUTEvbs1PEaH2w==",
            "dev": true
        },
        "npm-run-path": {
            "version": "4.0.1",
            "resolved": "https://registry.npmjs.org/npm-run-path/-/npm-run-path-4.0.1.tgz",
            "integrity": "sha512-S48WzZW777zhNIrn7gxOlISNAqi9ZC/uQFnRdbeIHhZhCA6UqpkOT8T1G7BvfdgP4Er8gF4sUbaS0i7QvIfCWw==",
            "dev": true,
            "requires": {
                "path-key": "^3.0.0"
            },
            "dependencies": {
                "path-key": {
                    "version": "3.1.1",
                    "resolved": "https://registry.npmjs.org/path-key/-/path-key-3.1.1.tgz",
                    "integrity": "sha512-ojmeN0qd+y0jszEtoY48r0Peq5dwMEkIlCOu6Q5f41lfkswXuKtYrhgoTpLnyIcHm24Uhqx+5Tqm2InSwLhE6Q==",
                    "dev": true
                }
            }
        },
        "onetime": {
            "version": "5.1.2",
            "resolved": "https://registry.npmjs.org/onetime/-/onetime-5.1.2.tgz",
            "integrity": "sha512-kbpaSSGJTWdAY5KPVeMOKXSrPtr8C8C7wodJbcsd51jRnmD+GZu8Y0VoU6Dm5Z4vWr0Ig/1NKuWRKf7j5aaYSg==",
            "dev": true,
            "requires": {
                "mimic-fn": "^2.1.0"
            }
        },
        "path-parse": {
            "version": "1.0.6",
            "resolved": "https://registry.npmjs.org/path-parse/-/path-parse-1.0.6.tgz",
            "integrity": "sha512-GSmOT2EbHrINBf9SR7CDELwlJ8AENk3Qn7OikK4nFYAu3Ote2+JYNVvkpAEQm3/TLNEJFD/xZJjzyxg3KBWOzw==",
            "dev": true
        },
        "picocolors": {
            "version": "0.2.1",
            "resolved": "https://registry.npmjs.org/picocolors/-/picocolors-0.2.1.tgz",
            "integrity": "sha512-cMlDqaLEqfSaW8Z7N5Jw+lyIW869EzT73/F5lhtY9cLGoVxSXznfgfXMO0Z5K0o0Q2TkTXq+0KFsdnSe3jDViA==",
            "dev": true
        },
        "rollup": {
            "version": "2.58.0",
            "resolved": "https://registry.npmjs.org/rollup/-/rollup-2.58.0.tgz",
            "integrity": "sha512-NOXpusKnaRpbS7ZVSzcEXqxcLDOagN6iFS8p45RkoiMqPHDLwJm758UF05KlMoCRbLBTZsPOIa887gZJ1AiXvw==",
            "dev": true,
            "requires": {
                "fsevents": "~2.3.2"
            },
            "dependencies": {
                "fsevents": {
                    "version": "2.3.2",
                    "resolved": "https://registry.npmjs.org/fsevents/-/fsevents-2.3.2.tgz",
                    "integrity": "sha512-xiqMQR4xAeHTuB9uWm+fFRcIOgKBMiOBP+eXiyT7jsgVCq1bkVygt00oASowB7EdtpOHaaPgKt812P9ab+DDKA==",
                    "dev": true,
                    "optional": true
                }
            }
        },
        "signal-exit": {
            "version": "3.0.3",
            "resolved": "https://registry.npmjs.org/signal-exit/-/signal-exit-3.0.3.tgz",
            "integrity": "sha512-VUJ49FC8U1OxwZLxIbTTrDvLnf/6TDgxZcK8wxR8zs13xpx7xbG60ndBlhNrFi2EMuFRoeDoJO7wthSLq42EjA==",
            "dev": true
        },
        "source-map-js": {
            "version": "0.6.2",
            "resolved": "https://registry.npmjs.org/source-map-js/-/source-map-js-0.6.2.tgz",
            "integrity": "sha512-/3GptzWzu0+0MBQFrDKzw/DvvMTUORvgY6k6jd/VS6iCR4RDTKWH6v6WPwQoUO8667uQEf9Oe38DxAYWY5F/Ug==",
            "dev": true
        },
        "strip-final-newline": {
            "version": "2.0.0",
            "resolved": "https://registry.npmjs.org/strip-final-newline/-/strip-final-newline-2.0.0.tgz",
            "integrity": "sha512-BrpvfNAE3dcvq7ll3xVumzjKjZQ5tI1sEUIKr3Uoks0XUl45St3FlatVqef9prk4jRDzhW6WZg+3bk93y6pLjA==",
            "dev": true
        },
        "vite": {
            "version": "2.6.7",
            "resolved": "https://registry.npmjs.org/vite/-/vite-2.6.7.tgz",
            "integrity": "sha512-ewk//jve9k6vlU8PfJmWUHN8k0YYdw4VaKOMvoQ3nT2Pb6k5OSMKQi4jPOzVH/TlUqMsCrq7IJ80xcuDDVyigg==",
            "dev": true,
            "requires": {
                "esbuild": "^0.13.2",
                "fsevents": "~2.3.2",
                "postcss": "^8.3.8",
                "resolve": "^1.20.0",
                "rollup": "^2.57.0"
            },
            "dependencies": {
                "fsevents": {
                    "version": "2.3.2",
                    "resolved": "https://registry.npmjs.org/fsevents/-/fsevents-2.3.2.tgz",
                    "integrity": "sha512-xiqMQR4xAeHTuB9uWm+fFRcIOgKBMiOBP+eXiyT7jsgVCq1bkVygt00oASowB7EdtpOHaaPgKt812P9ab+DDKA==",
                    "dev": true,
                    "optional": true
                },
                "is-core-module": {
                    "version": "2.8.0",
                    "resolved": "https://registry.npmjs.org/is-core-module/-/is-core-module-2.8.0.tgz",
                    "integrity": "sha512-vd15qHsaqrRL7dtH6QNuy0ndJmRDrS9HAM1CAiSifNUFv4x1a0CCVsj18hJ1mShxIG6T2i1sO78MkP56r0nYRw==",
                    "dev": true,
                    "requires": {
                        "has": "^1.0.3"
                    }
                },
                "nanoid": {
                    "version": "3.1.30",
                    "resolved": "https://registry.npmjs.org/nanoid/-/nanoid-3.1.30.tgz",
                    "integrity": "sha512-zJpuPDwOv8D2zq2WRoMe1HsfZthVewpel9CAvTfc/2mBD1uUT/agc5f7GHGWXlYkFvi1mVxe4IjvP2HNrop7nQ==",
                    "dev": true
                },
                "postcss": {
                    "version": "8.3.9",
                    "resolved": "https://registry.npmjs.org/postcss/-/postcss-8.3.9.tgz",
                    "integrity": "sha512-f/ZFyAKh9Dnqytx5X62jgjhhzttjZS7hMsohcI7HEI5tjELX/HxCy3EFhsRxyzGvrzFF+82XPvCS8T9TFleVJw==",
                    "dev": true,
                    "requires": {
                        "nanoid": "^3.1.28",
                        "picocolors": "^0.2.1",
                        "source-map-js": "^0.6.2"
                    }
                },
                "resolve": {
                    "version": "1.20.0",
                    "resolved": "https://registry.npmjs.org/resolve/-/resolve-1.20.0.tgz",
                    "integrity": "sha512-wENBPt4ySzg4ybFQW2TT1zMQucPK95HSh/nq2CFTZVOGut2+pQvSsgtda4d26YrYcr067wjbmzOG8byDPBX63A==",
                    "dev": true,
                    "requires": {
                        "is-core-module": "^2.2.0",
                        "path-parse": "^1.0.6"
                    }
                }
            }
        }
    }
}
